
Microsoft Visual Studio Solution File, Format Version 12.00
# Visual Studio Version 16
VisualStudioVersion = 16.0.31424.327
MinimumVisualStudioVersion = 10.0.40219.1
Project("{FAE04EC0-301F-11D3-BF4B-00C04F79EFBC}") = "BLInterfaces", "OnlineRecipeBook\BLInterfaces.csproj", "{5CF78927-B4F7-40BB-8A5F-BAB0C2455213}"
EndProject
Project("{2150E333-8FDC-42A3-9474-1A3956D46DE8}") = "BLL", "BLL", "{634E3949-549E-475A-8D13-0CA71F29224C}"
EndProject
Project("{2150E333-8FDC-42A3-9474-1A3956D46DE8}") = "PL", "PL", "{D8EE939E-AFEE-453E-AFFD-2654127C717A}"
EndProject
Project("{2150E333-8FDC-42A3-9474-1A3956D46DE8}") = "Common", "Common", "{32901365-6216-4107-AAFB-2F6014008F2B}"
EndProject
Project("{2150E333-8FDC-42A3-9474-1A3956D46DE8}") = "DAL", "DAL", "{E3F35AAE-7671-4A71-8644-A6B2D3DC35A5}"
EndProject
Project("{FAE04EC0-301F-11D3-BF4B-00C04F79EFBC}") = "DALInterfaces", "DALInterfaces\DALInterfaces.csproj", "{6DFEEF4F-14FE-4989-BD60-03508104BF98}"
EndProject
Project("{FAE04EC0-301F-11D3-BF4B-00C04F79EFBC}") = "Entities", "Entities\Entities.csproj", "{7758ADEE-3BD7-4C78-B61E-D16EF42D3D27}"
EndProject
Project("{FAE04EC0-301F-11D3-BF4B-00C04F79EFBC}") = "WebPL", "WebPL\WebPL.csproj", "{FE1ED935-83D6-41C8-9F2E-F6947D11E711}"
EndProject
Project("{FAE04EC0-301F-11D3-BF4B-00C04F79EFBC}") = "Dependencies", "Dependencies\Dependencies.csproj", "{3114D44E-7F10-4617-AADB-35FEE95FFB83}"
EndProject
Project("{FAE04EC0-301F-11D3-BF4B-00C04F79EFBC}") = "BL", "BL\BL.csproj", "{D067B6FA-02E5-4EA4-BF8C-631C1C60883D}"
EndProject
Project("{FAE04EC0-301F-11D3-BF4B-00C04F79EFBC}") = "DataValidator", "DataValidator\DataValidator.csproj", "{055F34E5-CE67-435C-8173-9CCDF2B43AF2}"
EndProject
Project("{FAE04EC0-301F-11D3-BF4B-00C04F79EFBC}") = "SqlDAL", "SqlDAL\SqlDAL.csproj", "{1210C393-42DF-486C-88DF-E41EB9868715}"
EndProject
Project("{FAE04EC0-301F-11D3-BF4B-00C04F79EFBC}") = "CommonInterfaces", "CommonInterfaces\CommonInterfaces.csproj", "{CC966CF9-7FFA-4422-9E1C-B044186118FB}"
EndProject
Project("{FAE04EC0-301F-11D3-BF4B-00C04F79EFBC}") = "IdentityChecker", "IdentityChecker\IdentityChecker.csproj", "{FFAC7086-023C-4BC3-9EA5-50805C4F22DD}"
EndProject
Project("{FAE04EC0-301F-11D3-BF4B-00C04F79EFBC}") = "CommonLogic", "CommonLogic\CommonLogic.csproj", "{AE9130F6-87A8-493C-88A4-7709F6610DEB}"
EndProject
Project("{FAE04EC0-301F-11D3-BF4B-00C04F79EFBC}") = "CommonConstants", "Common\CommonConstants.csproj", "{BE523F35-4DB6-4BB1-A86A-7071A26656CC}"
EndProject
Global
	GlobalSection(SolutionConfigurationPlatforms) = preSolution
		Debug|Any CPU = Debug|Any CPU
		Release|Any CPU = Release|Any CPU
	EndGlobalSection
	GlobalSection(ProjectConfigurationPlatforms) = postSolution
		{5CF78927-B4F7-40BB-8A5F-BAB0C2455213}.Debug|Any CPU.ActiveCfg = Debug|Any CPU
		{5CF78927-B4F7-40BB-8A5F-BAB0C2455213}.Debug|Any CPU.Build.0 = Debug|Any CPU
		{5CF78927-B4F7-40BB-8A5F-BAB0C2455213}.Release|Any CPU.ActiveCfg = Release|Any CPU
		{5CF78927-B4F7-40BB-8A5F-BAB0C2455213}.Release|Any CPU.Build.0 = Release|Any CPU
		{6DFEEF4F-14FE-4989-BD60-03508104BF98}.Debug|Any CPU.ActiveCfg = Debug|Any CPU
		{6DFEEF4F-14FE-4989-BD60-03508104BF98}.Debug|Any CPU.Build.0 = Debug|Any CPU
		{6DFEEF4F-14FE-4989-BD60-03508104BF98}.Release|Any CPU.ActiveCfg = Release|Any CPU
		{6DFEEF4F-14FE-4989-BD60-03508104BF98}.Release|Any CPU.Build.0 = Release|Any CPU
		{7758ADEE-3BD7-4C78-B61E-D16EF42D3D27}.Debug|Any CPU.ActiveCfg = Debug|Any CPU
		{7758ADEE-3BD7-4C78-B61E-D16EF42D3D27}.Debug|Any CPU.Build.0 = Debug|Any CPU
		{7758ADEE-3BD7-4C78-B61E-D16EF42D3D27}.Release|Any CPU.ActiveCfg = Release|Any CPU
		{7758ADEE-3BD7-4C78-B61E-D16EF42D3D27}.Release|Any CPU.Build.0 = Release|Any CPU
		{FE1ED935-83D6-41C8-9F2E-F6947D11E711}.Debug|Any CPU.ActiveCfg = Debug|Any CPU
		{FE1ED935-83D6-41C8-9F2E-F6947D11E711}.Debug|Any CPU.Build.0 = Debug|Any CPU
		{FE1ED935-83D6-41C8-9F2E-F6947D11E711}.Release|Any CPU.ActiveCfg = Release|Any CPU
		{FE1ED935-83D6-41C8-9F2E-F6947D11E711}.Release|Any CPU.Build.0 = Release|Any CPU
		{3114D44E-7F10-4617-AADB-35FEE95FFB83}.Debug|Any CPU.ActiveCfg = Debug|Any CPU
		{3114D44E-7F10-4617-AADB-35FEE95FFB83}.Debug|Any CPU.Build.0 = Debug|Any CPU
		{3114D44E-7F10-4617-AADB-35FEE95FFB83}.Release|Any CPU.ActiveCfg = Release|Any CPU
		{3114D44E-7F10-4617-AADB-35FEE95FFB83}.Release|Any CPU.Build.0 = Release|Any CPU
		{D067B6FA-02E5-4EA4-BF8C-631C1C60883D}.Debug|Any CPU.ActiveCfg = Debug|Any CPU
		{D067B6FA-02E5-4EA4-BF8C-631C1C60883D}.Debug|Any CPU.Build.0 = Debug|Any CPU
		{D067B6FA-02E5-4EA4-BF8C-631C1C60883D}.Release|Any CPU.ActiveCfg = Release|Any CPU
		{D067B6FA-02E5-4EA4-BF8C-631C1C60883D}.Release|Any CPU.Build.0 = Release|Any CPU
		{055F34E5-CE67-435C-8173-9CCDF2B43AF2}.Debug|Any CPU.ActiveCfg = Debug|Any CPU
		{055F34E5-CE67-435C-8173-9CCDF2B43AF2}.Debug|Any CPU.Build.0 = Debug|Any CPU
		{055F34E5-CE67-435C-8173-9CCDF2B43AF2}.Release|Any CPU.ActiveCfg = Release|Any CPU
		{055F34E5-CE67-435C-8173-9CCDF2B43AF2}.Release|Any CPU.Build.0 = Release|Any CPU
		{1210C393-42DF-486C-88DF-E41EB9868715}.Debug|Any CPU.ActiveCfg = Debug|Any CPU
		{1210C393-42DF-486C-88DF-E41EB9868715}.Debug|Any CPU.Build.0 = Debug|Any CPU
		{1210C393-42DF-486C-88DF-E41EB9868715}.Release|Any CPU.ActiveCfg = Release|Any CPU
		{1210C393-42DF-486C-88DF-E41EB9868715}.Release|Any CPU.Build.0 = Release|Any CPU
		{CC966CF9-7FFA-4422-9E1C-B044186118FB}.Debug|Any CPU.ActiveCfg = Debug|Any CPU
		{CC966CF9-7FFA-4422-9E1C-B044186118FB}.Debug|Any CPU.Build.0 = Debug|Any CPU
		{CC966CF9-7FFA-4422-9E1C-B044186118FB}.Release|Any CPU.ActiveCfg = Release|Any CPU
		{CC966CF9-7FFA-4422-9E1C-B044186118FB}.Release|Any CPU.Build.0 = Release|Any CPU
		{FFAC7086-023C-4BC3-9EA5-50805C4F22DD}.Debug|Any CPU.ActiveCfg = Debug|Any CPU
		{FFAC7086-023C-4BC3-9EA5-50805C4F22DD}.Debug|Any CPU.Build.0 = Debug|Any CPU
		{FFAC7086-023C-4BC3-9EA5-50805C4F22DD}.Release|Any CPU.ActiveCfg = Release|Any CPU
		{FFAC7086-023C-4BC3-9EA5-50805C4F22DD}.Release|Any CPU.Build.0 = Release|Any CPU
		{AE9130F6-87A8-493C-88A4-7709F6610DEB}.Debug|Any CPU.ActiveCfg = Debug|Any CPU
		{AE9130F6-87A8-493C-88A4-7709F6610DEB}.Debug|Any CPU.Build.0 = Debug|Any CPU
		{AE9130F6-87A8-493C-88A4-7709F6610DEB}.Release|Any CPU.ActiveCfg = Release|Any CPU
		{AE9130F6-87A8-493C-88A4-7709F6610DEB}.Release|Any CPU.Build.0 = Release|Any CPU
		{BE523F35-4DB6-4BB1-A86A-7071A26656CC}.Debug|Any CPU.ActiveCfg = Debug|Any CPU
		{BE523F35-4DB6-4BB1-A86A-7071A26656CC}.Debug|Any CPU.Build.0 = Debug|Any CPU
		{BE523F35-4DB6-4BB1-A86A-7071A26656CC}.Release|Any CPU.ActiveCfg = Release|Any CPU
		{BE523F35-4DB6-4BB1-A86A-7071A26656CC}.Release|Any CPU.Build.0 = Release|Any CPU
	EndGlobalSection
	GlobalSection(SolutionProperties) = preSolution
		HideSolutionNode = FALSE
	EndGlobalSection
	GlobalSection(NestedProjects) = preSolution
		{5CF78927-B4F7-40BB-8A5F-BAB0C2455213} = {634E3949-549E-475A-8D13-0CA71F29224C}
		{6DFEEF4F-14FE-4989-BD60-03508104BF98} = {E3F35AAE-7671-4A71-8644-A6B2D3DC35A5}
		{7758ADEE-3BD7-4C78-B61E-D16EF42D3D27} = {32901365-6216-4107-AAFB-2F6014008F2B}
		{FE1ED935-83D6-41C8-9F2E-F6947D11E711} = {D8EE939E-AFEE-453E-AFFD-2654127C717A}
		{3114D44E-7F10-4617-AADB-35FEE95FFB83} = {32901365-6216-4107-AAFB-2F6014008F2B}
		{D067B6FA-02E5-4EA4-BF8C-631C1C60883D} = {634E3949-549E-475A-8D13-0CA71F29224C}
		{055F34E5-CE67-435C-8173-9CCDF2B43AF2} = {634E3949-549E-475A-8D13-0CA71F29224C}
		{1210C393-42DF-486C-88DF-E41EB9868715} = {E3F35AAE-7671-4A71-8644-A6B2D3DC35A5}
		{CC966CF9-7FFA-4422-9E1C-B044186118FB} = {32901365-6216-4107-AAFB-2F6014008F2B}
		{FFAC7086-023C-4BC3-9EA5-50805C4F22DD} = {32901365-6216-4107-AAFB-2F6014008F2B}
		{AE9130F6-87A8-493C-88A4-7709F6610DEB} = {634E3949-549E-475A-8D13-0CA71F29224C}
		{BE523F35-4DB6-4BB1-A86A-7071A26656CC} = {32901365-6216-4107-AAFB-2F6014008F2B}
	EndGlobalSection
	GlobalSection(ExtensibilityGlobals) = postSolution
		SolutionGuid = {3AE244FA-24FC-4DEC-B2E7-BBBAAC3A2921}
	EndGlobalSection
EndGlobal
